// !$*UTF8*$!
{
	archiveVersion = 1;
	classes = {
	};
	objectVersion = 46;
	objects = {

/* Begin PBXBuildFile section */
		D6B09F60200F45A000BB0293 /* main.m in Sources */ = {isa = PBXBuildFile; fileRef = D6B09F5F200F45A000BB0293 /* main.m */; };
		D6B09F63200F45A000BB0293 /* AppDelegate.m in Sources */ = {isa = PBXBuildFile; fileRef = D6B09F62200F45A000BB0293 /* AppDelegate.m */; };
		D6B09F69200F45A000BB0293 /* Main.storyboard in Resources */ = {isa = PBXBuildFile; fileRef = D6B09F67200F45A000BB0293 /* Main.storyboard */; };
		D6B09F6B200F45A000BB0293 /* Assets.xcassets in Resources */ = {isa = PBXBuildFile; fileRef = D6B09F6A200F45A000BB0293 /* Assets.xcassets */; };
		D6B09F6E200F45A000BB0293 /* LaunchScreen.storyboard in Resources */ = {isa = PBXBuildFile; fileRef = D6B09F6C200F45A000BB0293 /* LaunchScreen.storyboard */; };
		D6B09F79200F45A000BB0293 /* _1_EarthAndMoonTests.m in Sources */ = {isa = PBXBuildFile; fileRef = D6B09F78200F45A000BB0293 /* _1_EarthAndMoonTests.m */; };
		D6B09F84200F45A000BB0293 /* _1_EarthAndMoonUITests.m in Sources */ = {isa = PBXBuildFile; fileRef = D6B09F83200F45A000BB0293 /* _1_EarthAndMoonUITests.m */; };
		D6B09F93200F467C00BB0293 /* CCViewController.m in Sources */ = {isa = PBXBuildFile; fileRef = D6B09F92200F467C00BB0293 /* CCViewController.m */; };
		D6B09F98200F472900BB0293 /* AGLKVertexAttribArrayBuffer.m in Sources */ = {isa = PBXBuildFile; fileRef = D6B09F97200F472900BB0293 /* AGLKVertexAttribArrayBuffer.m */; };
		D6B09F9D200F473300BB0293 /* Earth512x256.jpg in Resources */ = {isa = PBXBuildFile; fileRef = D6B09F99200F473300BB0293 /* Earth512x256.jpg */; };
		D6B09F9E200F473300BB0293 /* Moon256x128.png in Resources */ = {isa = PBXBuildFile; fileRef = D6B09F9A200F473300BB0293 /* Moon256x128.png */; };
		D6B09F9F200F473300BB0293 /* sphere.obj in Resources */ = {isa = PBXBuildFile; fileRef = D6B09F9C200F473300BB0293 /* sphere.obj */; };
/* End PBXBuildFile section */

/* Begin PBXContainerItemProxy section */
		D6B09F75200F45A000BB0293 /* PBXContainerItemProxy */ = {
			isa = PBXContainerItemProxy;
			containerPortal = D6B09F53200F45A000BB0293 /* Project object */;
			proxyType = 1;
			remoteGlobalIDString = D6B09F5A200F45A000BB0293;
			remoteInfo = "01-EarthAndMoon";
		};
		D6B09F80200F45A000BB0293 /* PBXContainerItemProxy */ = {
			isa = PBXContainerItemProxy;
			containerPortal = D6B09F53200F45A000BB0293 /* Project object */;
			proxyType = 1;
			remoteGlobalIDString = D6B09F5A200F45A000BB0293;
			remoteInfo = "01-EarthAndMoon";
		};
/* End PBXContainerItemProxy section */

/* Begin PBXFileReference section */
		D6B09F5B200F45A000BB0293 /* 01-EarthAndMoon.app */ = {isa = PBXFileReference; explicitFileType = wrapper.application; includeInIndex = 0; path = "01-EarthAndMoon.app"; sourceTree = BUILT_PRODUCTS_DIR; };
		D6B09F5F200F45A000BB0293 /* main.m */ = {isa = PBXFileReference; lastKnownFileType = sourcecode.c.objc; path = main.m; sourceTree = "<group>"; };
		D6B09F61200F45A000BB0293 /* AppDelegate.h */ = {isa = PBXFileReference; lastKnownFileType = sourcecode.c.h; path = AppDelegate.h; sourceTree = "<group>"; };
		D6B09F62200F45A000BB0293 /* AppDelegate.m */ = {isa = PBXFileReference; lastKnownFileType = sourcecode.c.objc; path = AppDelegate.m; sourceTree = "<group>"; };
		D6B09F68200F45A000BB0293 /* Base */ = {isa = PBXFileReference; lastKnownFileType = file.storyboard; name = Base; path = Base.lproj/Main.storyboard; sourceTree = "<group>"; };
		D6B09F6A200F45A000BB0293 /* Assets.xcassets */ = {isa = PBXFileReference; lastKnownFileType = folder.assetcatalog; path = Assets.xcassets; sourceTree = "<group>"; };
		D6B09F6D200F45A000BB0293 /* Base */ = {isa = PBXFileReference; lastKnownFileType = file.storyboard; name = Base; path = Base.lproj/LaunchScreen.storyboard; sourceTree = "<group>"; };
		D6B09F6F200F45A000BB0293 /* Info.plist */ = {isa = PBXFileReference; lastKnownFileType = text.plist.xml; path = Info.plist; sourceTree = "<group>"; };
		D6B09F74200F45A000BB0293 /* 01-EarthAndMoonTests.xctest */ = {isa = PBXFileReference; explicitFileType = wrapper.cfbundle; includeInIndex = 0; path = "01-EarthAndMoonTests.xctest"; sourceTree = BUILT_PRODUCTS_DIR; };
		D6B09F78200F45A000BB0293 /* _1_EarthAndMoonTests.m */ = {isa = PBXFileReference; lastKnownFileType = sourcecode.c.objc; path = _1_EarthAndMoonTests.m; sourceTree = "<group>"; };
		D6B09F7A200F45A000BB0293 /* Info.plist */ = {isa = PBXFileReference; lastKnownFileType = text.plist.xml; path = Info.plist; sourceTree = "<group>"; };
		D6B09F7F200F45A000BB0293 /* 01-EarthAndMoonUITests.xctest */ = {isa = PBXFileReference; explicitFileType = wrapper.cfbundle; includeInIndex = 0; path = "01-EarthAndMoonUITests.xctest"; sourceTree = BUILT_PRODUCTS_DIR; };
		D6B09F83200F45A000BB0293 /* _1_EarthAndMoonUITests.m */ = {isa = PBXFileReference; lastKnownFileType = sourcecode.c.objc; path = _1_EarthAndMoonUITests.m; sourceTree = "<group>"; };
		D6B09F85200F45A000BB0293 /* Info.plist */ = {isa = PBXFileReference; lastKnownFileType = text.plist.xml; path = Info.plist; sourceTree = "<group>"; };
		D6B09F91200F467C00BB0293 /* CCViewController.h */ = {isa = PBXFileReference; fileEncoding = 4; lastKnownFileType = sourcecode.c.h; path = CCViewController.h; sourceTree = "<group>"; };
		D6B09F92200F467C00BB0293 /* CCViewController.m */ = {isa = PBXFileReference; fileEncoding = 4; lastKnownFileType = sourcecode.c.objc; path = CCViewController.m; sourceTree = "<group>"; };
		D6B09F96200F472900BB0293 /* AGLKVertexAttribArrayBuffer.h */ = {isa = PBXFileReference; fileEncoding = 4; lastKnownFileType = sourcecode.c.h; path = AGLKVertexAttribArrayBuffer.h; sourceTree = "<group>"; };
		D6B09F97200F472900BB0293 /* AGLKVertexAttribArrayBuffer.m */ = {isa = PBXFileReference; fileEncoding = 4; lastKnownFileType = sourcecode.c.objc; path = AGLKVertexAttribArrayBuffer.m; sourceTree = "<group>"; };
		D6B09F99200F473300BB0293 /* Earth512x256.jpg */ = {isa = PBXFileReference; lastKnownFileType = image.jpeg; path = Earth512x256.jpg; sourceTree = "<group>"; };
		D6B09F9A200F473300BB0293 /* Moon256x128.png */ = {isa = PBXFileReference; lastKnownFileType = image.png; path = Moon256x128.png; sourceTree = "<group>"; };
		D6B09F9B200F473300BB0293 /* sphere.h */ = {isa = PBXFileReference; fileEncoding = 4; lastKnownFileType = sourcecode.c.h; path = sphere.h; sourceTree = "<group>"; };
		D6B09F9C200F473300BB0293 /* sphere.obj */ = {isa = PBXFileReference; fileEncoding = 4; lastKnownFileType = text; path = sphere.obj; sourceTree = "<group>"; };
/* End PBXFileReference section */

/* Begin PBXFrameworksBuildPhase section */
		D6B09F58200F45A000BB0293 /* Frameworks */ = {
			isa = PBXFrameworksBuildPhase;
			buildActionMask = 2147483647;
			files = (
			);
			runOnlyForDeploymentPostprocessing = 0;
		};
		D6B09F71200F45A000BB0293 /* Frameworks */ = {
			isa = PBXFrameworksBuildPhase;
			buildActionMask = 2147483647;
			files = (
			);
			runOnlyForDeploymentPostprocessing = 0;
		};
		D6B09F7C200F45A000BB0293 /* Frameworks */ = {
			isa = PBXFrameworksBuildPhase;
			buildActionMask = 2147483647;
			files = (
			);
			runOnlyForDeploymentPostprocessing = 0;
		};
/* End PBXFrameworksBuildPhase section */

/* Begin PBXGroup section */
		D6B09F52200F45A000BB0293 = {
			isa = PBXGroup;
			children = (
				D6B09F5D200F45A000BB0293 /* 01-EarthAndMoon */,
				D6B09F77200F45A000BB0293 /* 01-EarthAndMoonTests */,
				D6B09F82200F45A000BB0293 /* 01-EarthAndMoonUITests */,
				D6B09F5C200F45A000BB0293 /* Products */,
			);
			sourceTree = "<group>";
		};
		D6B09F5C200F45A000BB0293 /* Products */ = {
			isa = PBXGroup;
			children = (
				D6B09F5B200F45A000BB0293 /* 01-EarthAndMoon.app */,
				D6B09F74200F45A000BB0293 /* 01-EarthAndMoonTests.xctest */,
				D6B09F7F200F45A000BB0293 /* 01-EarthAndMoonUITests.xctest */,
			);
			name = Products;
			sourceTree = "<group>";
		};
		D6B09F5D200F45A000BB0293 /* 01-EarthAndMoon */ = {
			isa = PBXGroup;
			children = (
				D6B09F61200F45A000BB0293 /* AppDelegate.h */,
				D6B09F62200F45A000BB0293 /* AppDelegate.m */,
				D6B09F91200F467C00BB0293 /* CCViewController.h */,
				D6B09F92200F467C00BB0293 /* CCViewController.m */,
				D6B09F67200F45A000BB0293 /* Main.storyboard */,
				D6B09F6A200F45A000BB0293 /* Assets.xcassets */,
				D6B09F6C200F45A000BB0293 /* LaunchScreen.storyboard */,
				D6B09F6F200F45A000BB0293 /* Info.plist */,
				D6B09F95200F46B800BB0293 /* 资源 */,
				D6B09F94200F46AE00BB0293 /* Kit */,
				D6B09F5E200F45A000BB0293 /* Supporting Files */,
			);
			path = "01-EarthAndMoon";
			sourceTree = "<group>";
		};
		D6B09F5E200F45A000BB0293 /* Supporting Files */ = {
			isa = PBXGroup;
			children = (
				D6B09F5F200F45A000BB0293 /* main.m */,
			);
			name = "Supporting Files";
			sourceTree = "<group>";
		};
		D6B09F77200F45A000BB0293 /* 01-EarthAndMoonTests */ = {
			isa = PBXGroup;
			children = (
				D6B09F78200F45A000BB0293 /* _1_EarthAndMoonTests.m */,
				D6B09F7A200F45A000BB0293 /* Info.plist */,
			);
			path = "01-EarthAndMoonTests";
			sourceTree = "<group>";
		};
		D6B09F82200F45A000BB0293 /* 01-EarthAndMoonUITests */ = {
			isa = PBXGroup;
			children = (
				D6B09F83200F45A000BB0293 /* _1_EarthAndMoonUITests.m */,
				D6B09F85200F45A000BB0293 /* Info.plist */,
			);
			path = "01-EarthAndMoonUITests";
			sourceTree = "<group>";
		};
		D6B09F94200F46AE00BB0293 /* Kit */ = {
			isa = PBXGroup;
			children = (
				D6B09F96200F472900BB0293 /* AGLKVertexAttribArrayBuffer.h */,
				D6B09F97200F472900BB0293 /* AGLKVertexAttribArrayBuffer.m */,
			);
			name = Kit;
			sourceTree = "<group>";
		};
		D6B09F95200F46B800BB0293 /* 资源 */ = {
			isa = PBXGroup;
			children = (
				D6B09F99200F473300BB0293 /* Earth512x256.jpg */,
				D6B09F9A200F473300BB0293 /* Moon256x128.png */,
				D6B09F9B200F473300BB0293 /* sphere.h */,
				D6B09F9C200F473300BB0293 /* sphere.obj */,
			);
			name = "资源";
			sourceTree = "<group>";
		};
/* End PBXGroup section */

/* Begin PBXNativeTarget section */
		D6B09F5A200F45A000BB0293 /* 01-EarthAndMoon */ = {
			isa = PBXNativeTarget;
			buildConfigurationList = D6B09F88200F45A000BB0293 /* Build configuration list for PBXNativeTarget "01-EarthAndMoon" */;
			buildPhases = (
				D6B09F57200F45A000BB0293 /* Sources */,
				D6B09F58200F45A000BB0293 /* Frameworks */,
				D6B09F59200F45A000BB0293 /* Resources */,
			);
			buildRules = (
			);
			dependencies = (
			);
			name = "01-EarthAndMoon";
			productName = "01-EarthAndMoon";
			productReference = D6B09F5B200F45A000BB0293 /* 01-EarthAndMoon.app */;
			productType = "com.apple.product-type.application";
		};
		D6B09F73200F45A000BB0293 /* 01-EarthAndMoonTests */ = {
			isa = PBXNativeTarget;
			buildConfigurationList = D6B09F8B200F45A000BB0293 /* Build configuration list for PBXNativeTarget "01-EarthAndMoonTests" */;
			buildPhases = (
				D6B09F70200F45A000BB0293 /* Sources */,
				D6B09F71200F45A000BB0293 /* Frameworks */,
				D6B09F72200F45A000BB0293 /* Resources */,
			);
			buildRules = (
			);
			dependencies = (
				D6B09F76200F45A000BB0293 /* PBXTargetDependency */,
			);
			name = "01-EarthAndMoonTests";
			productName = "01-EarthAndMoonTests";
			productReference = D6B09F74200F45A000BB0293 /* 01-EarthAndMoonTests.xctest */;
			productType = "com.apple.product-type.bundle.unit-test";
		};
		D6B09F7E200F45A000BB0293 /* 01-EarthAndMoonUITests */ = {
			isa = PBXNativeTarget;
			buildConfigurationList = D6B09F8E200F45A000BB0293 /* Build configuration list for PBXNativeTarget "01-EarthAndMoonUITests" */;
			buildPhases = (
				D6B09F7B200F45A000BB0293 /* Sources */,
				D6B09F7C200F45A000BB0293 /* Frameworks */,
				D6B09F7D200F45A000BB0293 /* Resources */,
			);
			buildRules = (
			);
			dependencies = (
				D6B09F81200F45A000BB0293 /* PBXTargetDependency */,
			);
			name = "01-EarthAndMoonUITests";
			productName = "01-EarthAndMoonUITests";
			productReference = D6B09F7F200F45A000BB0293 /* 01-EarthAndMoonUITests.xctest */;
			productType = "com.apple.product-type.bundle.ui-testing";
		};
/* End PBXNativeTarget section */

/* Begin PBXProject section */
		D6B09F53200F45A000BB0293 /* Project object */ = {
			isa = PBXProject;
			attributes = {
				LastUpgradeCheck = 0830;
				ORGANIZATIONNAME = "CC老师";
				TargetAttributes = {
					D6B09F5A200F45A000BB0293 = {
						CreatedOnToolsVersion = 8.3.2;
						ProvisioningStyle = Automatic;
					};
					D6B09F73200F45A000BB0293 = {
						CreatedOnToolsVersion = 8.3.2;
						ProvisioningStyle = Automatic;
						TestTargetID = D6B09F5A200F45A000BB0293;
					};
					D6B09F7E200F45A000BB0293 = {
						CreatedOnToolsVersion = 8.3.2;
						ProvisioningStyle = Automatic;
						TestTargetID = D6B09F5A200F45A000BB0293;
					};
				};
			};
			buildConfigurationList = D6B09F56200F45A000BB0293 /* Build configuration list for PBXProject "01-EarthAndMoon" */;
			compatibilityVersion = "Xcode 3.2";
			developmentRegion = English;
			hasScannedForEncodings = 0;
			knownRegions = (
				en,
				Base,
			);
			mainGroup = D6B09F52200F45A000BB0293;
			productRefGroup = D6B09F5C200F45A000BB0293 /* Products */;
			projectDirPath = "";
			projectRoot = "";
			targets = (
				D6B09F5A200F45A000BB0293 /* 01-EarthAndMoon */,
				D6B09F73200F45A000BB0293 /* 01-EarthAndMoonTests */,
				D6B09F7E200F45A000BB0293 /* 01-EarthAndMoonUITests */,
			);
		};
/* End PBXProject section */

/* Begin PBXResourcesBuildPhase section */
		D6B09F59200F45A000BB0293 /* Resources */ = {
			isa = PBXResourcesBuildPhase;
			buildActionMask = 2147483647;
			files = (
				D6B09F9D200F473300BB0293 /* Earth512x256.jpg in Resources */,
				D6B09F6E200F45A000BB0293 /* LaunchScreen.storyboard in Resources */,
				D6B09F9E200F473300BB0293 /* Moon256x128.png in Resources */,
				D6B09F6B200F45A000BB0293 /* Assets.xcassets in Resources */,
				D6B09F9F200F473300BB0293 /* sphere.obj in Resources */,
				D6B09F69200F45A000BB0293 /* Main.storyboard in Resources */,
			);
			runOnlyForDeploymentPostprocessing = 0;
		};
		D6B09F72200F45A000BB0293 /* Resources */ = {
			isa = PBXResourcesBuildPhase;
			buildActionMask = 2147483647;
			files = (
			);
			runOnlyForDeploymentPostprocessing = 0;
		};
		D6B09F7D200F45A000BB0293 /* Resources */ = {
			isa = PBXResourcesBuildPhase;
			buildActionMask = 2147483647;
			files = (
			);
			runOnlyForDeploymentPostprocessing = 0;
		};
/* End PBXResourcesBuildPhase section */

/* Begin PBXSourcesBuildPhase section */
		D6B09F57200F45A000BB0293 /* Sources */ = {
			isa = PBXSourcesBuildPhase;
			buildActionMask = 2147483647;
			files = (
				D6B09F98200F472900BB0293 /* AGLKVertexAttribArrayBuffer.m in Sources */,
				D6B09F63200F45A000BB0293 /* AppDelegate.m in Sources */,
				D6B09F60200F45A000BB0293 /* main.m in Sources */,
				D6B09F93200F467C00BB0293 /* CCViewController.m in Sources */,
			);
			runOnlyForDeploymentPostprocessing = 0;
		};
		D6B09F70200F45A000BB0293 /* Sources */ = {
			isa = PBXSourcesBuildPhase;
			buildActionMask = 2147483647;
			files = (
				D6B09F79200F45A000BB0293 /* _1_EarthAndMoonTests.m in Sources */,
			);
			runOnlyForDeploymentPostprocessing = 0;
		};
		D6B09F7B200F45A000BB0293 /* Sources */ = {
			isa = PBXSourcesBuildPhase;
			buildActionMask = 2147483647;
			files = (
				D6B09F84200F45A000BB0293 /* _1_EarthAndMoonUITests.m in Sources */,
			);
			runOnlyForDeploymentPostprocessing = 0;
		};
/* End PBXSourcesBuildPhase section */

/* Begin PBXTargetDependency section */
		D6B09F76200F45A000BB0293 /* PBXTargetDependency */ = {
			isa = PBXTargetDependency;
			target = D6B09F5A200F45A000BB0293 /* 01-EarthAndMoon */;
			targetProxy = D6B09F75200F45A000BB0293 /* PBXContainerItemProxy */;
		};
		D6B09F81200F45A000BB0293 /* PBXTargetDependency */ = {
			isa = PBXTargetDependency;
			target = D6B09F5A200F45A000BB0293 /* 01-EarthAndMoon */;
			targetProxy = D6B09F80200F45A000BB0293 /* PBXContainerItemProxy */;
		};
/* End PBXTargetDependency section */

/* Begin PBXVariantGroup section */
		D6B09F67200F45A000BB0293 /* Main.storyboard */ = {
			isa = PBXVariantGroup;
			children = (
				D6B09F68200F45A000BB0293 /* Base */,
			);
			name = Main.storyboard;
			sourceTree = "<group>";
		};
		D6B09F6C200F45A000BB0293 /* LaunchScreen.storyboard */ = {
			isa = PBXVariantGroup;
			children = (
				D6B09F6D200F45A000BB0293 /* Base */,
			);
			name = LaunchScreen.storyboard;
			sourceTree = "<group>";
		};
/* End PBXVariantGroup section */

/* Begin XCBuildConfiguration section */
		D6B09F86200F45A000BB0293 /* Debug */ = {
			isa = XCBuildConfiguration;
			buildSettings = {
				ALWAYS_SEARCH_USER_PATHS = NO;
				CLANG_ANALYZER_NONNULL = YES;
				CLANG_ANALYZER_NUMBER_OBJECT_CONVERSION = YES_AGGRESSIVE;
				CLANG_CXX_LANGUAGE_STANDARD = "gnu++0x";
				CLANG_CXX_LIBRARY = "libc++";
				CLANG_ENABLE_MODULES = YES;
				CLANG_ENABLE_OBJC_ARC = YES;
				CLANG_WARN_BOOL_CONVERSION = YES;
				CLANG_WARN_CONSTANT_CONVERSION = YES;
				CLANG_WARN_DIRECT_OBJC_ISA_USAGE = YES_ERROR;
				CLANG_WARN_DOCUMENTATION_COMMENTS = YES;
				CLANG_WARN_EMPTY_BODY = YES;
				CLANG_WARN_ENUM_CONVERSION = YES;
				CLANG_WARN_INFINITE_RECURSION = YES;
				CLANG_WARN_INT_CONVERSION = YES;
				CLANG_WARN_OBJC_ROOT_CLASS = YES_ERROR;
				CLANG_WARN_SUSPICIOUS_MOVE = YES;
				CLANG_WARN_UNREACHABLE_CODE = YES;
				CLANG_WARN__DUPLICATE_METHOD_MATCH = YES;
				"CODE_SIGN_IDENTITY[sdk=iphoneos*]" = "iPhone Developer";
				COPY_PHASE_STRIP = NO;
				DEBUG_INFORMATION_FORMAT = dwarf;
				ENABLE_STRICT_OBJC_MSGSEND = YES;
				ENABLE_TESTABILITY = YES;
				GCC_C_LANGUAGE_STANDARD = gnu99;
				GCC_DYNAMIC_NO_PIC = NO;
				GCC_NO_COMMON_BLOCKS = YES;
				GCC_OPTIMIZATION_LEVEL = 0;
				GCC_PREPROCESSOR_DEFINITIONS = (
					"DEBUG=1",
					"$(inherited)",
				);
				GCC_WARN_64_TO_32_BIT_CONVERSION = YES;
				GCC_WARN_ABOUT_RETURN_TYPE = YES_ERROR;
				GCC_WARN_UNDECLARED_SELECTOR = YES;
				GCC_WARN_UNINITIALIZED_AUTOS = YES_AGGRESSIVE;
				GCC_WARN_UNUSED_FUNCTION = YES;
				GCC_WARN_UNUSED_VARIABLE = YES;
				IPHONEOS_DEPLOYMENT_TARGET = 10.3;
				MTL_ENABLE_DEBUG_INFO = YES;
				ONLY_ACTIVE_ARCH = YES;
				SDKROOT = iphoneos;
				TARGETED_DEVICE_FAMILY = "1,2";
			};
			name = Debug;
		};
		D6B09F87200F45A000BB0293 /* Release */ = {
			isa = XCBuildConfiguration;
			buildSettings = {
				ALWAYS_SEARCH_USER_PATHS = NO;
				CLANG_ANALYZER_NONNULL = YES;
				CLANG_ANALYZER_NUMBER_OBJECT_CONVERSION = YES_AGGRESSIVE;
				CLANG_CXX_LANGUAGE_STANDARD = "gnu++0x";
				CLANG_CXX_LIBRARY = "libc++";
				CLANG_ENABLE_MODULES = YES;
				CLANG_ENABLE_OBJC_ARC = YES;
				CLANG_WARN_BOOL_CONVERSION = YES;
				CLANG_WARN_CONSTANT_CONVERSION = YES;
				CLANG_WARN_DIRECT_OBJC_ISA_USAGE = YES_ERROR;
				CLANG_WARN_DOCUMENTATION_COMMENTS = YES;
				CLANG_WARN_EMPTY_BODY = YES;
				CLANG_WARN_ENUM_CONVERSION = YES;
				CLANG_WARN_INFINITE_RECURSION = YES;
				CLANG_WARN_INT_CONVERSION = YES;
				CLANG_WARN_OBJC_ROOT_CLASS = YES_ERROR;
				CLANG_WARN_SUSPICIOUS_MOVE = YES;
				CLANG_WARN_UNREACHABLE_CODE = YES;
				CLANG_WARN__DUPLICATE_METHOD_MATCH = YES;
				"CODE_SIGN_IDENTITY[sdk=iphoneos*]" = "iPhone Developer";
				COPY_PHASE_STRIP = NO;
				DEBUG_INFORMATION_FORMAT = "dwarf-with-dsym";
				ENABLE_NS_ASSERTIONS = NO;
				ENABLE_STRICT_OBJC_MSGSEND = YES;
				GCC_C_LANGUAGE_STANDARD = gnu99;
				GCC_NO_COMMON_BLOCKS = YES;
				GCC_WARN_64_TO_32_BIT_CONVERSION = YES;
				GCC_WARN_ABOUT_RETURN_TYPE = YES_ERROR;
				GCC_WARN_UNDECLARED_SELECTOR = YES;
				GCC_WARN_UNINITIALIZED_AUTOS = YES_AGGRESSIVE;
				GCC_WARN_UNUSED_FUNCTION = YES;
				GCC_WARN_UNUSED_VARIABLE = YES;
				IPHONEOS_DEPLOYMENT_TARGET = 10.3;
				MTL_ENABLE_DEBUG_INFO = NO;
				SDKROOT = iphoneos;
				TARGETED_DEVICE_FAMILY = "1,2";
				VALIDATE_PRODUCT = YES;
			};
			name = Release;
		};
		D6B09F89200F45A000BB0293 /* Debug */ = {
			isa = XCBuildConfiguration;
			buildSettings = {
				ASSETCATALOG_COMPILER_APPICON_NAME = AppIcon;
				INFOPLIST_FILE = "01-EarthAndMoon/Info.plist";
				LD_RUNPATH_SEARCH_PATHS = "$(inherited) @executable_path/Frameworks";
				PRODUCT_BUNDLE_IDENTIFIER = "CC.-1-EarthAndMoon";
				PRODUCT_NAME = "$(TARGET_NAME)";
			};
			name = Debug;
		};
		D6B09F8A200F45A000BB0293 /* Release */ = {
			isa = XCBuildConfiguration;
			buildSettings = {
				ASSETCATALOG_COMPILER_APPICON_NAME = AppIcon;
				INFOPLIST_FILE = "01-EarthAndMoon/Info.plist";
				LD_RUNPATH_SEARCH_PATHS = "$(inherited) @executable_path/Frameworks";
				PRODUCT_BUNDLE_IDENTIFIER = "CC.-1-EarthAndMoon";
				PRODUCT_NAME = "$(TARGET_NAME)";
			};
			name = Release;
		};
		D6B09F8C200F45A000BB0293 /* Debug */ = {
			isa = XCBuildConfiguration;
			buildSettings = {
				BUNDLE_LOADER = "$(TEST_HOST)";
				INFOPLIST_FILE = "01-EarthAndMoonTests/Info.plist";
				LD_RUNPATH_SEARCH_PATHS = "$(inherited) @executable_path/Frameworks @loader_path/Frameworks";
				PRODUCT_BUNDLE_IDENTIFIER = "CC.-1-EarthAndMoonTests";
				PRODUCT_NAME = "$(TARGET_NAME)";
				TEST_HOST = "$(BUILT_PRODUCTS_DIR)/01-EarthAndMoon.app/01-EarthAndMoon";
			};
			name = Debug;
		};
		D6B09F8D200F45A000BB0293 /* Release */ = {
			isa = XCBuildConfiguration;
			buildSettings = {
				BUNDLE_LOADER = "$(TEST_HOST)";
				INFOPLIST_FILE = "01-EarthAndMoonTests/Info.plist";
				LD_RUNPATH_SEARCH_PATHS = "$(inherited) @executable_path/Frameworks @loader_path/Frameworks";
				PRODUCT_BUNDLE_IDENTIFIER = "CC.-1-EarthAndMoonTests";
				PRODUCT_NAME = "$(TARGET_NAME)";
				TEST_HOST = "$(BUILT_PRODUCTS_DIR)/01-EarthAndMoon.app/01-EarthAndMoon";
			};
			name = Release;
		};
		D6B09F8F200F45A000BB0293 /* Debug */ = {
			isa = XCBuildConfiguration;
			buildSettings = {
				INFOPLIST_FILE = "01-EarthAndMoonUITests/Info.plist";
				LD_RUNPATH_SEARCH_PATHS = "$(inherited) @executable_path/Frameworks @loader_path/Frameworks";
				PRODUCT_BUNDLE_IDENTIFIER = "CC.-1-EarthAndMoonUITests";
				PRODUCT_NAME = "$(TARGET_NAME)";
				TEST_TARGET_NAME = "01-EarthAndMoon";
			};
			name = Debug;
		};
		D6B09F90200F45A000BB0293 /* Release */ = {
			isa = XCBuildConfiguration;
			buildSettings = {
				INFOPLIST_FILE = "01-EarthAndMoonUITests/Info.plist";
				LD_RUNPATH_SEARCH_PATHS = "$(inherited) @executable_path/Frameworks @loader_path/Frameworks";
				PRODUCT_BUNDLE_IDENTIFIER = "CC.-1-EarthAndMoonUITests";
				PRODUCT_NAME = "$(TARGET_NAME)";
				TEST_TARGET_NAME = "01-EarthAndMoon";
			};
			name = Release;
		};
/* End XCBuildConfiguration section */

/* Begin XCConfigurationList section */
		D6B09F56200F45A000BB0293 /* Build configuration list for PBXProject "01-EarthAndMoon" */ = {
			isa = XCConfigurationList;
			buildConfigurations = (
				D6B09F86200F45A000BB0293 /* Debug */,
				D6B09F87200F45A000BB0293 /* Release */,
			);
			defaultConfigurationIsVisible = 0;
			defaultConfigurationName = Release;
		};
		D6B09F88200F45A000BB0293 /* Build configuration list for PBXNativeTarget "01-EarthAndMoon" */ = {
			isa = XCConfigurationList;
			buildConfigurations = (
				D6B09F89200F45A000BB0293 /* Debug */,
				D6B09F8A200F45A000BB0293 /* Release */,
			);
			defaultConfigurationIsVisible = 0;
		};
		D6B09F8B200F45A000BB0293 /* Build configuration list for PBXNativeTarget "01-EarthAndMoonTests" */ = {
			isa = XCConfigurationList;
			buildConfigurations = (
				D6B09F8C200F45A000BB0293 /* Debug */,
				D6B09F8D200F45A000BB0293 /* Release */,
			);
			defaultConfigurationIsVisible = 0;
		};
		D6B09F8E200F45A000BB0293 /* Build configuration list for PBXNativeTarget "01-EarthAndMoonUITests" */ = {
			isa = XCConfigurationList;
			buildConfigurations = (
				D6B09F8F200F45A000BB0293 /* Debug */,
				D6B09F90200F45A000BB0293 /* Release */,
			);
			defaultConfigurationIsVisible = 0;
		};
/* End XCConfigurationList section */
	};
	rootObject = D6B09F53200F45A000BB0293 /* Project object */;
}
